// !$*UTF8*$!
{
	archiveVersion = 1;
	classes = {
	};
	objectVersion = 46;
	objects = {

/* Begin PBXBuildFile section */
		2F34A6A21B66FD38000F1778 /* main.m in Sources */ = {isa = PBXBuildFile; fileRef = 2F34A6A11B66FD38000F1778 /* main.m */; };
		2F34A6A51B66FD38000F1778 /* AppDelegate.m in Sources */ = {isa = PBXBuildFile; fileRef = 2F34A6A41B66FD38000F1778 /* AppDelegate.m */; };
		2F34A6A81B66FD38000F1778 /* PassingThoughts.xcdatamodeld in Sources */ = {isa = PBXBuildFile; fileRef = 2F34A6A61B66FD38000F1778 /* PassingThoughts.xcdatamodeld */; };
		2F34A6AB1B66FD38000F1778 /* MasterViewController.m in Sources */ = {isa = PBXBuildFile; fileRef = 2F34A6AA1B66FD38000F1778 /* MasterViewController.m */; };
		2F34A6AE1B66FD38000F1778 /* DetailViewController.m in Sources */ = {isa = PBXBuildFile; fileRef = 2F34A6AD1B66FD38000F1778 /* DetailViewController.m */; };
		2F34A6B11B66FD38000F1778 /* Main.storyboard in Resources */ = {isa = PBXBuildFile; fileRef = 2F34A6AF1B66FD38000F1778 /* Main.storyboard */; };
		2F34A6B31B66FD38000F1778 /* Images.xcassets in Resources */ = {isa = PBXBuildFile; fileRef = 2F34A6B21B66FD38000F1778 /* Images.xcassets */; };
		2F34A6B61B66FD38000F1778 /* LaunchScreen.xib in Resources */ = {isa = PBXBuildFile; fileRef = 2F34A6B41B66FD38000F1778 /* LaunchScreen.xib */; };
		2F34A6C21B66FD38000F1778 /* PassingThoughtsTests.m in Sources */ = {isa = PBXBuildFile; fileRef = 2F34A6C11B66FD38000F1778 /* PassingThoughtsTests.m */; };
/* End PBXBuildFile section */

/* Begin PBXContainerItemProxy section */
		2F34A6BC1B66FD38000F1778 /* PBXContainerItemProxy */ = {
			isa = PBXContainerItemProxy;
			containerPortal = 2F34A6941B66FD38000F1778 /* Project object */;
			proxyType = 1;
			remoteGlobalIDString = 2F34A69B1B66FD38000F1778;
			remoteInfo = PassingThoughts;
		};
/* End PBXContainerItemProxy section */

/* Begin PBXFileReference section */
		2F34A69C1B66FD38000F1778 /* PassingThoughts.app */ = {isa = PBXFileReference; explicitFileType = wrapper.application; includeInIndex = 0; path = PassingThoughts.app; sourceTree = BUILT_PRODUCTS_DIR; };
		2F34A6A01B66FD38000F1778 /* Info.plist */ = {isa = PBXFileReference; lastKnownFileType = text.plist.xml; path = Info.plist; sourceTree = "<group>"; };
		2F34A6A11B66FD38000F1778 /* main.m */ = {isa = PBXFileReference; lastKnownFileType = sourcecode.c.objc; path = main.m; sourceTree = "<group>"; };
		2F34A6A31B66FD38000F1778 /* AppDelegate.h */ = {isa = PBXFileReference; lastKnownFileType = sourcecode.c.h; path = AppDelegate.h; sourceTree = "<group>"; };
		2F34A6A41B66FD38000F1778 /* AppDelegate.m */ = {isa = PBXFileReference; lastKnownFileType = sourcecode.c.objc; path = AppDelegate.m; sourceTree = "<group>"; };
		2F34A6A71B66FD38000F1778 /* PassingThoughts.xcdatamodel */ = {isa = PBXFileReference; lastKnownFileType = wrapper.xcdatamodel; path = PassingThoughts.xcdatamodel; sourceTree = "<group>"; };
		2F34A6A91B66FD38000F1778 /* MasterViewController.h */ = {isa = PBXFileReference; lastKnownFileType = sourcecode.c.h; path = MasterViewController.h; sourceTree = "<group>"; };
		2F34A6AA1B66FD38000F1778 /* MasterViewController.m */ = {isa = PBXFileReference; lastKnownFileType = sourcecode.c.objc; path = MasterViewController.m; sourceTree = "<group>"; };
		2F34A6AC1B66FD38000F1778 /* DetailViewController.h */ = {isa = PBXFileReference; lastKnownFileType = sourcecode.c.h; path = DetailViewController.h; sourceTree = "<group>"; };
		2F34A6AD1B66FD38000F1778 /* DetailViewController.m */ = {isa = PBXFileReference; lastKnownFileType = sourcecode.c.objc; path = DetailViewController.m; sourceTree = "<group>"; };
		2F34A6B01B66FD38000F1778 /* Base */ = {isa = PBXFileReference; lastKnownFileType = file.storyboard; name = Base; path = Base.lproj/Main.storyboard; sourceTree = "<group>"; };
		2F34A6B21B66FD38000F1778 /* Images.xcassets */ = {isa = PBXFileReference; lastKnownFileType = folder.assetcatalog; path = Images.xcassets; sourceTree = "<group>"; };
		2F34A6B51B66FD38000F1778 /* Base */ = {isa = PBXFileReference; lastKnownFileType = file.xib; name = Base; path = Base.lproj/LaunchScreen.xib; sourceTree = "<group>"; };
		2F34A6BB1B66FD38000F1778 /* PassingThoughtsTests.xctest */ = {isa = PBXFileReference; explicitFileType = wrapper.cfbundle; includeInIndex = 0; path = PassingThoughtsTests.xctest; sourceTree = BUILT_PRODUCTS_DIR; };
		2F34A6C01B66FD38000F1778 /* Info.plist */ = {isa = PBXFileReference; lastKnownFileType = text.plist.xml; path = Info.plist; sourceTree = "<group>"; };
		2F34A6C11B66FD38000F1778 /* PassingThoughtsTests.m */ = {isa = PBXFileReference; lastKnownFileType = sourcecode.c.objc; path = PassingThoughtsTests.m; sourceTree = "<group>"; };
		2F34A6CB1B67068B000F1778 /* PassingThoughts 2.xcdatamodel */ = {isa = PBXFileReference; lastKnownFileType = wrapper.xcdatamodel; path = "PassingThoughts 2.xcdatamodel"; sourceTree = "<group>"; };
/* End PBXFileReference section */

/* Begin PBXFrameworksBuildPhase section */
		2F34A6991B66FD38000F1778 /* Frameworks */ = {
			isa = PBXFrameworksBuildPhase;
			buildActionMask = 2147483647;
			files = (
			);
			runOnlyForDeploymentPostprocessing = 0;
		};
		2F34A6B81B66FD38000F1778 /* Frameworks */ = {
			isa = PBXFrameworksBuildPhase;
			buildActionMask = 2147483647;
			files = (
			);
			runOnlyForDeploymentPostprocessing = 0;
		};
/* End PBXFrameworksBuildPhase section */

/* Begin PBXGroup section */
		2F34A6931B66FD38000F1778 = {
			isa = PBXGroup;
			children = (
				2F34A69E1B66FD38000F1778 /* PassingThoughts */,
				2F34A6BE1B66FD38000F1778 /* PassingThoughtsTests */,
				2F34A69D1B66FD38000F1778 /* Products */,
			);
			sourceTree = "<group>";
		};
		2F34A69D1B66FD38000F1778 /* Products */ = {
			isa = PBXGroup;
			children = (
				2F34A69C1B66FD38000F1778 /* PassingThoughts.app */,
				2F34A6BB1B66FD38000F1778 /* PassingThoughtsTests.xctest */,
			);
			name = Products;
			sourceTree = "<group>";
		};
		2F34A69E1B66FD38000F1778 /* PassingThoughts */ = {
			isa = PBXGroup;
			children = (
				2F34A6A31B66FD38000F1778 /* AppDelegate.h */,
				2F34A6A41B66FD38000F1778 /* AppDelegate.m */,
				2F34A6A91B66FD38000F1778 /* MasterViewController.h */,
				2F34A6AA1B66FD38000F1778 /* MasterViewController.m */,
				2F34A6AC1B66FD38000F1778 /* DetailViewController.h */,
				2F34A6AD1B66FD38000F1778 /* DetailViewController.m */,
				2F34A6AF1B66FD38000F1778 /* Main.storyboard */,
				2F34A6B21B66FD38000F1778 /* Images.xcassets */,
				2F34A6B41B66FD38000F1778 /* LaunchScreen.xib */,
				2F34A6A61B66FD38000F1778 /* PassingThoughts.xcdatamodeld */,
				2F34A69F1B66FD38000F1778 /* Supporting Files */,
			);
			path = PassingThoughts;
			sourceTree = "<group>";
		};
		2F34A69F1B66FD38000F1778 /* Supporting Files */ = {
			isa = PBXGroup;
			children = (
				2F34A6A01B66FD38000F1778 /* Info.plist */,
				2F34A6A11B66FD38000F1778 /* main.m */,
			);
			name = "Supporting Files";
			sourceTree = "<group>";
		};
		2F34A6BE1B66FD38000F1778 /* PassingThoughtsTests */ = {
			isa = PBXGroup;
			children = (
				2F34A6C11B66FD38000F1778 /* PassingThoughtsTests.m */,
				2F34A6BF1B66FD38000F1778 /* Supporting Files */,
			);
			path = PassingThoughtsTests;
			sourceTree = "<group>";
		};
		2F34A6BF1B66FD38000F1778 /* Supporting Files */ = {
			isa = PBXGroup;
			children = (
				2F34A6C01B66FD38000F1778 /* Info.plist */,
			);
			name = "Supporting Files";
			sourceTree = "<group>";
		};
/* End PBXGroup section */

/* Begin PBXNativeTarget section */
		2F34A69B1B66FD38000F1778 /* PassingThoughts */ = {
			isa = PBXNativeTarget;
			buildConfigurationList = 2F34A6C51B66FD38000F1778 /* Build configuration list for PBXNativeTarget "PassingThoughts" */;
			buildPhases = (
				2F34A6981B66FD38000F1778 /* Sources */,
				2F34A6991B66FD38000F1778 /* Frameworks */,
				2F34A69A1B66FD38000F1778 /* Resources */,
			);
			buildRules = (
			);
			dependencies = (
			);
			name = PassingThoughts;
			productName = PassingThoughts;
			productReference = 2F34A69C1B66FD38000F1778 /* PassingThoughts.app */;
			productType = "com.apple.product-type.application";
		};
		2F34A6BA1B66FD38000F1778 /* PassingThoughtsTests */ = {
			isa = PBXNativeTarget;
			buildConfigurationList = 2F34A6C81B66FD38000F1778 /* Build configuration list for PBXNativeTarget "PassingThoughtsTests" */;
			buildPhases = (
				2F34A6B71B66FD38000F1778 /* Sources */,
				2F34A6B81B66FD38000F1778 /* Frameworks */,
				2F34A6B91B66FD38000F1778 /* Resources */,
			);
			buildRules = (
			);
			dependencies = (
				2F34A6BD1B66FD38000F1778 /* PBXTargetDependency */,
			);
			name = PassingThoughtsTests;
			productName = PassingThoughtsTests;
			productReference = 2F34A6BB1B66FD38000F1778 /* PassingThoughtsTests.xctest */;
			productType = "com.apple.product-type.bundle.unit-test";
		};
/* End PBXNativeTarget section */

/* Begin PBXProject section */
		2F34A6941B66FD38000F1778 /* Project object */ = {
			isa = PBXProject;
			attributes = {
				LastUpgradeCheck = 0640;
				ORGANIZATIONNAME = "Zane Swafford";
				TargetAttributes = {
					2F34A69B1B66FD38000F1778 = {
						CreatedOnToolsVersion = 6.4;
					};
					2F34A6BA1B66FD38000F1778 = {
						CreatedOnToolsVersion = 6.4;
						TestTargetID = 2F34A69B1B66FD38000F1778;
					};
				};
			};
			buildConfigurationList = 2F34A6971B66FD38000F1778 /* Build configuration list for PBXProject "PassingThoughts" */;
			compatibilityVersion = "Xcode 3.2";
			developmentRegion = English;
			hasScannedForEncodings = 0;
			knownRegions = (
				en,
				Base,
			);
			mainGroup = 2F34A6931B66FD38000F1778;
			productRefGroup = 2F34A69D1B66FD38000F1778 /* Products */;
			projectDirPath = "";
			projectRoot = "";
			targets = (
				2F34A69B1B66FD38000F1778 /* PassingThoughts */,
				2F34A6BA1B66FD38000F1778 /* PassingThoughtsTests */,
			);
		};
/* End PBXProject section */

/* Begin PBXResourcesBuildPhase section */
		2F34A69A1B66FD38000F1778 /* Resources */ = {
			isa = PBXResourcesBuildPhase;
			buildActionMask = 2147483647;
			files = (
				2F34A6B11B66FD38000F1778 /* Main.storyboard in Resources */,
				2F34A6B61B66FD38000F1778 /* LaunchScreen.xib in Resources */,
				2F34A6B31B66FD38000F1778 /* Images.xcassets in Resources */,
			);
			runOnlyForDeploymentPostprocessing = 0;
		};
		2F34A6B91B66FD38000F1778 /* Resources */ = {
			isa = PBXResourcesBuildPhase;
			buildActionMask = 2147483647;
			files = (
			);
			runOnlyForDeploymentPostprocessing = 0;
		};
/* End PBXResourcesBuildPhase section */

/* Begin PBXSourcesBuildPhase section */
		2F34A6981B66FD38000F1778 /* Sources */ = {
			isa = PBXSourcesBuildPhase;
			buildActionMask = 2147483647;
			files = (
				2F34A6AE1B66FD38000F1778 /* DetailViewController.m in Sources */,
				2F34A6AB1B66FD38000F1778 /* MasterViewController.m in Sources */,
				2F34A6A81B66FD38000F1778 /* PassingThoughts.xcdatamodeld in Sources */,
				2F34A6A51B66FD38000F1778 /* AppDelegate.m in Sources */,
				2F34A6A21B66FD38000F1778 /* main.m in Sources */,
			);
			runOnlyForDeploymentPostprocessing = 0;
		};
		2F34A6B71B66FD38000F1778 /* Sources */ = {
			isa = PBXSourcesBuildPhase;
			buildActionMask = 2147483647;
			files = (
				2F34A6C21B66FD38000F1778 /* PassingThoughtsTests.m in Sources */,
			);
			runOnlyForDeploymentPostprocessing = 0;
		};
/* End PBXSourcesBuildPhase section */

/* Begin PBXTargetDependency section */
		2F34A6BD1B66FD38000F1778 /* PBXTargetDependency */ = {
			isa = PBXTargetDependency;
			target = 2F34A69B1B66FD38000F1778 /* PassingThoughts */;
			targetProxy = 2F34A6BC1B66FD38000F1778 /* PBXContainerItemProxy */;
		};
/* End PBXTargetDependency section */

/* Begin PBXVariantGroup section */
		2F34A6AF1B66FD38000F1778 /* Main.storyboard */ = {
			isa = PBXVariantGroup;
			children = (
				2F34A6B01B66FD38000F1778 /* Base */,
			);
			name = Main.storyboard;
			sourceTree = "<group>";
		};
		2F34A6B41B66FD38000F1778 /* LaunchScreen.xib */ = {
			isa = PBXVariantGroup;
			children = (
				2F34A6B51B66FD38000F1778 /* Base */,
			);
			name = LaunchScreen.xib;
			sourceTree = "<group>";
		};
/* End PBXVariantGroup section */

/* Begin XCBuildConfiguration section */
		2F34A6C31B66FD38000F1778 /* Debug */ = {
			isa = XCBuildConfiguration;
			buildSettings = {
				ALWAYS_SEARCH_USER_PATHS = NO;
				CLANG_CXX_LANGUAGE_STANDARD = "gnu++0x";
				CLANG_CXX_LIBRARY = "libc++";
				CLANG_ENABLE_MODULES = YES;
				CLANG_ENABLE_OBJC_ARC = YES;
				CLANG_WARN_BOOL_CONVERSION = YES;
				CLANG_WARN_CONSTANT_CONVERSION = YES;
				CLANG_WARN_DIRECT_OBJC_ISA_USAGE = YES_ERROR;
				CLANG_WARN_EMPTY_BODY = YES;
				CLANG_WARN_ENUM_CONVERSION = YES;
				CLANG_WARN_INT_CONVERSION = YES;
				CLANG_WARN_OBJC_ROOT_CLASS = YES_ERROR;
				CLANG_WARN_UNREACHABLE_CODE = YES;
				CLANG_WARN__DUPLICATE_METHOD_MATCH = YES;
				"CODE_SIGN_IDENTITY[sdk=iphoneos*]" = "iPhone Developer";
				COPY_PHASE_STRIP = NO;
				DEBUG_INFORMATION_FORMAT = "dwarf-with-dsym";
				ENABLE_STRICT_OBJC_MSGSEND = YES;
				GCC_C_LANGUAGE_STANDARD = gnu99;
				GCC_DYNAMIC_NO_PIC = NO;
				GCC_NO_COMMON_BLOCKS = YES;
				GCC_OPTIMIZATION_LEVEL = 0;
				GCC_PREPROCESSOR_DEFINITIONS = (
					"DEBUG=1",
					"$(inherited)",
				);
				GCC_SYMBOLS_PRIVATE_EXTERN = NO;
				GCC_WARN_64_TO_32_BIT_CONVERSION = YES;
				GCC_WARN_ABOUT_RETURN_TYPE = YES_ERROR;
				GCC_WARN_UNDECLARED_SELECTOR = YES;
				GCC_WARN_UNINITIALIZED_AUTOS = YES_AGGRESSIVE;
				GCC_WARN_UNUSED_FUNCTION = YES;
				GCC_WARN_UNUSED_VARIABLE = YES;
				IPHONEOS_DEPLOYMENT_TARGET = 8.4;
				MTL_ENABLE_DEBUG_INFO = YES;
				ONLY_ACTIVE_ARCH = YES;
				SDKROOT = iphoneos;
			};
			name = Debug;
		};
		2F34A6C41B66FD38000F1778 /* Release */ = {
			isa = XCBuildConfiguration;
			buildSettings = {
				ALWAYS_SEARCH_USER_PATHS = NO;
				CLANG_CXX_LANGUAGE_STANDARD = "gnu++0x";
				CLANG_CXX_LIBRARY = "libc++";
				CLANG_ENABLE_MODULES = YES;
				CLANG_ENABLE_OBJC_ARC = YES;
				CLANG_WARN_BOOL_CONVERSION = YES;
				CLANG_WARN_CONSTANT_CONVERSION = YES;
				CLANG_WARN_DIRECT_OBJC_ISA_USAGE = YES_ERROR;
				CLANG_WARN_EMPTY_BODY = YES;
				CLANG_WARN_ENUM_CONVERSION = YES;
				CLANG_WARN_INT_CONVERSION = YES;
				CLANG_WARN_OBJC_ROOT_CLASS = YES_ERROR;
				CLANG_WARN_UNREACHABLE_CODE = YES;
				CLANG_WARN__DUPLICATE_METHOD_MATCH = YES;
				"CODE_SIGN_IDENTITY[sdk=iphoneos*]" = "iPhone Developer";
				COPY_PHASE_STRIP = NO;
				DEBUG_INFORMATION_FORMAT = "dwarf-with-dsym";
				ENABLE_NS_ASSERTIONS = NO;
				ENABLE_STRICT_OBJC_MSGSEND = YES;
				GCC_C_LANGUAGE_STANDARD = gnu99;
				GCC_NO_COMMON_BLOCKS = YES;
				GCC_WARN_64_TO_32_BIT_CONVERSION = YES;
				GCC_WARN_ABOUT_RETURN_TYPE = YES_ERROR;
				GCC_WARN_UNDECLARED_SELECTOR = YES;
				GCC_WARN_UNINITIALIZED_AUTOS = YES_AGGRESSIVE;
				GCC_WARN_UNUSED_FUNCTION = YES;
				GCC_WARN_UNUSED_VARIABLE = YES;
				IPHONEOS_DEPLOYMENT_TARGET = 8.4;
				MTL_ENABLE_DEBUG_INFO = NO;
				SDKROOT = iphoneos;
				VALIDATE_PRODUCT = YES;
			};
			name = Release;
		};
		2F34A6C61B66FD38000F1778 /* Debug */ = {
			isa = XCBuildConfiguration;
			buildSettings = {
				ASSETCATALOG_COMPILER_APPICON_NAME = AppIcon;
				INFOPLIST_FILE = PassingThoughts/Info.plist;
				LD_RUNPATH_SEARCH_PATHS = "$(inherited) @executable_path/Frameworks";
				PRODUCT_NAME = "$(TARGET_NAME)";
			};
			name = Debug;
		};
		2F34A6C71B66FD38000F1778 /* Release */ = {
			isa = XCBuildConfiguration;
			buildSettings = {
				ASSETCATALOG_COMPILER_APPICON_NAME = AppIcon;
				INFOPLIST_FILE = PassingThoughts/Info.plist;
				LD_RUNPATH_SEARCH_PATHS = "$(inherited) @executable_path/Frameworks";
				PRODUCT_NAME = "$(TARGET_NAME)";
			};
			name = Release;
		};
		2F34A6C91B66FD38000F1778 /* Debug */ = {
			isa = XCBuildConfiguration;
			buildSettings = {
				BUNDLE_LOADER = "$(TEST_HOST)";
				FRAMEWORK_SEARCH_PATHS = (
					"$(SDKROOT)/Developer/Library/Frameworks",
					"$(inherited)",
				);
				GCC_PREPROCESSOR_DEFINITIONS = (
					"DEBUG=1",
					"$(inherited)",
				);
				INFOPLIST_FILE = PassingThoughtsTests/Info.plist;
				LD_RUNPATH_SEARCH_PATHS = "$(inherited) @executable_path/Frameworks @loader_path/Frameworks";
				PRODUCT_NAME = "$(TARGET_NAME)";
				TEST_HOST = "$(BUILT_PRODUCTS_DIR)/PassingThoughts.app/PassingThoughts";
			};
			name = Debug;
		};
		2F34A6CA1B66FD38000F1778 /* Release */ = {
			isa = XCBuildConfiguration;
			buildSettings = {
				BUNDLE_LOADER = "$(TEST_HOST)";
				FRAMEWORK_SEARCH_PATHS = (
					"$(SDKROOT)/Developer/Library/Frameworks",
					"$(inherited)",
				);
				INFOPLIST_FILE = PassingThoughtsTests/Info.plist;
				LD_RUNPATH_SEARCH_PATHS = "$(inherited) @executable_path/Frameworks @loader_path/Frameworks";
				PRODUCT_NAME = "$(TARGET_NAME)";
				TEST_HOST = "$(BUILT_PRODUCTS_DIR)/PassingThoughts.app/PassingThoughts";
			};
			name = Release;
		};
/* End XCBuildConfiguration section */

/* Begin XCConfigurationList section */
		2F34A6971B66FD38000F1778 /* Build configuration list for PBXProject "PassingThoughts" */ = {
			isa = XCConfigurationList;
			buildConfigurations = (
				2F34A6C31B66FD38000F1778 /* Debug */,
				2F34A6C41B66FD38000F1778 /* Release */,
			);
			defaultConfigurationIsVisible = 0;
			defaultConfigurationName = Release;
		};
		2F34A6C51B66FD38000F1778 /* Build configuration list for PBXNativeTarget "PassingThoughts" */ = {
			isa = XCConfigurationList;
			buildConfigurations = (
				2F34A6C61B66FD38000F1778 /* Debug */,
				2F34A6C71B66FD38000F1778 /* Release */,
			);
			defaultConfigurationIsVisible = 0;
		};
		2F34A6C81B66FD38000F1778 /* Build configuration list for PBXNativeTarget "PassingThoughtsTests" */ = {
			isa = XCConfigurationList;
			buildConfigurations = (
				2F34A6C91B66FD38000F1778 /* Debug */,
				2F34A6CA1B66FD38000F1778 /* Release */,
			);
			defaultConfigurationIsVisible = 0;
		};
/* End XCConfigurationList section */

/* Begin XCVersionGroup section */
		2F34A6A61B66FD38000F1778 /* PassingThoughts.xcdatamodeld */ = {
			isa = XCVersionGroup;
			children = (
				2F34A6CB1B67068B000F1778 /* PassingThoughts 2.xcdatamodel */,
				2F34A6A71B66FD38000F1778 /* PassingThoughts.xcdatamodel */,
			);
			currentVersion = 2F34A6CB1B67068B000F1778 /* PassingThoughts 2.xcdatamodel */;
			path = PassingThoughts.xcdatamodeld;
			sourceTree = "<group>";
			versionGroupType = wrapper.xcdatamodel;
		};
/* End XCVersionGroup section */
	};
	rootObject = 2F34A6941B66FD38000F1778 /* Project object */;
}
